
Microsoft Visual Studio Solution File, Format Version 12.00
# Visual Studio Version 17
VisualStudioVersion = 17.7.34009.444
MinimumVisualStudioVersion = 10.0.40219.1
Project("{FAE04EC0-301F-11D3-BF4B-00C04F79EFBC}") = "Recursividad", "Recursividad\Recursividad.csproj", "{C403EBEA-BFBB-48B7-9AE0-24A4D71FDB1F}"
EndProject
Global
	GlobalSection(SolutionConfigurationPlatforms) = preSolution
		Debug|Any CPU = Debug|Any CPU
		Release|Any CPU = Release|Any CPU
	EndGlobalSection
	GlobalSection(ProjectConfigurationPlatforms) = postSolution
		{C403EBEA-BFBB-48B7-9AE0-24A4D71FDB1F}.Debug|Any CPU.ActiveCfg = Debug|Any CPU
		{C403EBEA-BFBB-48B7-9AE0-24A4D71FDB1F}.Debug|Any CPU.Build.0 = Debug|Any CPU
		{C403EBEA-BFBB-48B7-9AE0-24A4D71FDB1F}.Release|Any CPU.ActiveCfg = Release|Any CPU
		{C403EBEA-BFBB-48B7-9AE0-24A4D71FDB1F}.Release|Any CPU.Build.0 = Release|Any CPU
	EndGlobalSection
	GlobalSection(SolutionProperties) = preSolution
		HideSolutionNode = FALSE
	EndGlobalSection
	GlobalSection(ExtensibilityGlobals) = postSolution
		SolutionGuid = {CEF782B6-72CF-4A17-8B4C-288F2B4EEDB9}
	EndGlobalSection
EndGlobal
